{
  "version": 4,
  "terraform_version": "1.3.1",
  "serial": 8,
  "lineage": "f49fb730-5a30-edbe-8ae7-cc884029b6c0",
  "outputs": {},
  "resources": [
    {
      "module": "module.state-str-blob",
      "mode": "managed",
      "type": "azurerm_resource_group",
      "name": "generic-resource-gp",
      "provider": "module.state-str-blob.provider[\"registry.terraform.io/hashicorp/azurerm\"]",
      "instances": [
        {
          "schema_version": 0,
          "attributes": {
            "id": "/subscriptions/344806e5-5213-4cda-9b45-e7d9269d7e7e/resourceGroups/CloudNativeAzure-group",
            "location": "westus",
            "name": "CloudNativeAzure-group",
            "tags": {},
            "timeouts": null
          },
          "sensitive_attributes": [],
          "private": "eyJlMmJmYjczMC1lY2FhLTExZTYtOGY4OC0zNDM2M2JjN2M0YzAiOnsiY3JlYXRlIjo1NDAwMDAwMDAwMDAwLCJkZWxldGUiOjU0MDAwMDAwMDAwMDAsInJlYWQiOjMwMDAwMDAwMDAwMCwidXBkYXRlIjo1NDAwMDAwMDAwMDAwfX0="
        }
      ]
    },
    {
      "module": "module.state-str-blob",
      "mode": "managed",
      "type": "azurerm_storage_account",
      "name": "generic-storage-ac",
      "provider": "module.state-str-blob.provider[\"registry.terraform.io/hashicorp/azurerm\"]",
      "instances": [
        {
          "schema_version": 3,
          "attributes": {
            "access_tier": "Hot",
            "account_kind": "StorageV2",
            "account_replication_type": "LRS",
            "account_tier": "Standard",
            "allow_nested_items_to_be_public": true,
            "azure_files_authentication": [],
            "blob_properties": [
              {
                "change_feed_enabled": false,
                "change_feed_retention_in_days": 0,
                "container_delete_retention_policy": [],
                "cors_rule": [],
                "default_service_version": "",
                "delete_retention_policy": [],
                "last_access_time_enabled": false,
                "versioning_enabled": false
              }
            ],
            "cross_tenant_replication_enabled": true,
            "custom_domain": [],
            "customer_managed_key": [],
            "default_to_oauth_authentication": false,
            "edge_zone": "",
            "enable_https_traffic_only": true,
            "id": "/subscriptions/344806e5-5213-4cda-9b45-e7d9269d7e7e/resourceGroups/CloudNativeAzure-group/providers/Microsoft.Storage/storageAccounts/nkorojosephd1prod",
            "identity": [],
            "infrastructure_encryption_enabled": false,
            "is_hns_enabled": false,
            "large_file_share_enabled": null,
            "location": "westus",
            "min_tls_version": "TLS1_2",
            "name": "nkorojosephd1prod",
            "network_rules": [
              {
                "bypass": [
                  "AzureServices"
                ],
                "default_action": "Allow",
                "ip_rules": [],
                "private_link_access": [],
                "virtual_network_subnet_ids": []
              }
            ],
            "nfsv3_enabled": false,
            "primary_access_key": "XnO59nJmvGQSvO3rT3BzftX10N/dPuBlkS6caxllD2HAcO6dk0fn0mdz/OenmYPftfzHxePu2GV7+AStLz/lvA==",
            "primary_blob_connection_string": "DefaultEndpointsProtocol=https;BlobEndpoint=https://nkorojosephd1prod.blob.core.windows.net/;AccountName=nkorojosephd1prod;AccountKey=XnO59nJmvGQSvO3rT3BzftX10N/dPuBlkS6caxllD2HAcO6dk0fn0mdz/OenmYPftfzHxePu2GV7+AStLz/lvA==",
            "primary_blob_endpoint": "https://nkorojosephd1prod.blob.core.windows.net/",
            "primary_blob_host": "nkorojosephd1prod.blob.core.windows.net",
            "primary_connection_string": "DefaultEndpointsProtocol=https;AccountName=nkorojosephd1prod;AccountKey=XnO59nJmvGQSvO3rT3BzftX10N/dPuBlkS6caxllD2HAcO6dk0fn0mdz/OenmYPftfzHxePu2GV7+AStLz/lvA==;EndpointSuffix=core.windows.net",
            "primary_dfs_endpoint": "https://nkorojosephd1prod.dfs.core.windows.net/",
            "primary_dfs_host": "nkorojosephd1prod.dfs.core.windows.net",
            "primary_file_endpoint": "https://nkorojosephd1prod.file.core.windows.net/",
            "primary_file_host": "nkorojosephd1prod.file.core.windows.net",
            "primary_location": "westus",
            "primary_queue_endpoint": "https://nkorojosephd1prod.queue.core.windows.net/",
            "primary_queue_host": "nkorojosephd1prod.queue.core.windows.net",
            "primary_table_endpoint": "https://nkorojosephd1prod.table.core.windows.net/",
            "primary_table_host": "nkorojosephd1prod.table.core.windows.net",
            "primary_web_endpoint": "https://nkorojosephd1prod.z22.web.core.windows.net/",
            "primary_web_host": "nkorojosephd1prod.z22.web.core.windows.net",
            "public_network_access_enabled": true,
            "queue_encryption_key_type": "Service",
            "queue_properties": [
              {
                "cors_rule": [],
                "hour_metrics": [
                  {
                    "enabled": true,
                    "include_apis": true,
                    "retention_policy_days": 7,
                    "version": "1.0"
                  }
                ],
                "logging": [
                  {
                    "delete": false,
                    "read": false,
                    "retention_policy_days": 0,
                    "version": "1.0",
                    "write": false
                  }
                ],
                "minute_metrics": [
                  {
                    "enabled": false,
                    "include_apis": false,
                    "retention_policy_days": 0,
                    "version": "1.0"
                  }
                ]
              }
            ],
            "resource_group_name": "CloudNativeAzure-group",
            "routing": [],
            "secondary_access_key": "VSJ/TpBgRfFmAd8uI0CfptbnYNlyvbdTBESCcEZDym32G5B1fBxyow+D7cd4zXQ/z5llWLhA59ER+AStxAFZ7w==",
            "secondary_blob_connection_string": "",
            "secondary_blob_endpoint": null,
            "secondary_blob_host": null,
            "secondary_connection_string": "DefaultEndpointsProtocol=https;AccountName=nkorojosephd1prod;AccountKey=VSJ/TpBgRfFmAd8uI0CfptbnYNlyvbdTBESCcEZDym32G5B1fBxyow+D7cd4zXQ/z5llWLhA59ER+AStxAFZ7w==;EndpointSuffix=core.windows.net",
            "secondary_dfs_endpoint": null,
            "secondary_dfs_host": null,
            "secondary_file_endpoint": null,
            "secondary_file_host": null,
            "secondary_location": "",
            "secondary_queue_endpoint": null,
            "secondary_queue_host": null,
            "secondary_table_endpoint": null,
            "secondary_table_host": null,
            "secondary_web_endpoint": null,
            "secondary_web_host": null,
            "share_properties": [
              {
                "cors_rule": [],
                "retention_policy": [
                  {
                    "days": 7
                  }
                ],
                "smb": []
              }
            ],
            "shared_access_key_enabled": true,
            "static_website": [],
            "table_encryption_key_type": "Service",
            "tags": null,
            "timeouts": null
          },
          "sensitive_attributes": [],
          "private": "eyJlMmJmYjczMC1lY2FhLTExZTYtOGY4OC0zNDM2M2JjN2M0YzAiOnsiY3JlYXRlIjozNjAwMDAwMDAwMDAwLCJkZWxldGUiOjM2MDAwMDAwMDAwMDAsInJlYWQiOjMwMDAwMDAwMDAwMCwidXBkYXRlIjozNjAwMDAwMDAwMDAwfSwic2NoZW1hX3ZlcnNpb24iOiIzIn0=",
          "dependencies": [
            "module.state-str-blob.azurerm_resource_group.generic-resource-gp"
          ]
        }
      ]
    },
    {
      "module": "module.state-str-blob",
      "mode": "managed",
      "type": "azurerm_storage_blob",
      "name": "generic-blob",
      "provider": "module.state-str-blob.provider[\"registry.terraform.io/hashicorp/azurerm\"]",
      "instances": [
        {
          "schema_version": 1,
          "attributes": {
            "access_tier": "",
            "cache_control": "",
            "content_md5": "",
            "content_type": "application/octet-stream",
            "id": "https://nkorojosephd1prod.blob.core.windows.net/cloud-native-devs/cloud-native-with-azure",
            "metadata": {},
            "name": "cloud-native-with-azure",
            "parallelism": 8,
            "size": 5120,
            "source": null,
            "source_content": null,
            "source_uri": null,
            "storage_account_name": "nkorojosephd1prod",
            "storage_container_name": "cloud-native-devs",
            "timeouts": null,
            "type": "Page",
            "url": "https://nkorojosephd1prod.blob.core.windows.net/cloud-native-devs/cloud-native-with-azure"
          },
          "sensitive_attributes": [],
          "private": "eyJlMmJmYjczMC1lY2FhLTExZTYtOGY4OC0zNDM2M2JjN2M0YzAiOnsiY3JlYXRlIjoxODAwMDAwMDAwMDAwLCJkZWxldGUiOjE4MDAwMDAwMDAwMDAsInJlYWQiOjMwMDAwMDAwMDAwMCwidXBkYXRlIjoxODAwMDAwMDAwMDAwfSwic2NoZW1hX3ZlcnNpb24iOiIxIn0=",
          "dependencies": [
            "module.state-str-blob.azurerm_resource_group.generic-resource-gp",
            "module.state-str-blob.azurerm_storage_account.generic-storage-ac",
            "module.state-str-blob.azurerm_storage_container.generic-container"
          ]
        }
      ]
    },
    {
      "module": "module.state-str-blob",
      "mode": "managed",
      "type": "azurerm_storage_container",
      "name": "generic-container",
      "provider": "module.state-str-blob.provider[\"registry.terraform.io/hashicorp/azurerm\"]",
      "instances": [
        {
          "schema_version": 1,
          "attributes": {
            "container_access_type": "private",
            "has_immutability_policy": false,
            "has_legal_hold": false,
            "id": "https://nkorojosephd1prod.blob.core.windows.net/cloud-native-devs",
            "metadata": {},
            "name": "cloud-native-devs",
            "resource_manager_id": "/subscriptions/344806e5-5213-4cda-9b45-e7d9269d7e7e/resourceGroups/CloudNativeAzure-group/providers/Microsoft.Storage/storageAccounts/nkorojosephd1prod/blobServices/default/containers/cloud-native-devs",
            "storage_account_name": "nkorojosephd1prod",
            "timeouts": null
          },
          "sensitive_attributes": [],
          "private": "eyJlMmJmYjczMC1lY2FhLTExZTYtOGY4OC0zNDM2M2JjN2M0YzAiOnsiY3JlYXRlIjoxODAwMDAwMDAwMDAwLCJkZWxldGUiOjE4MDAwMDAwMDAwMDAsInJlYWQiOjMwMDAwMDAwMDAwMCwidXBkYXRlIjoxODAwMDAwMDAwMDAwfSwic2NoZW1hX3ZlcnNpb24iOiIxIn0=",
          "dependencies": [
            "module.state-str-blob.azurerm_resource_group.generic-resource-gp",
            "module.state-str-blob.azurerm_storage_account.generic-storage-ac"
          ]
        }
      ]
    }
  ],
  "check_results": []
}
